
Microsoft Visual Studio Solution File, Format Version 12.00
# Visual Studio Version 17
VisualStudioVersion = 17.8.34511.84
MinimumVisualStudioVersion = 10.0.40219.1
Project("{2150E333-8FDC-42A3-9474-1A3956D46DE8}") = "Level0", "Level0", "{6E611AF4-11BB-4FD8-A6CB-5A5567B1A862}"
EndProject
Project("{2150E333-8FDC-42A3-9474-1A3956D46DE8}") = "Level1", "Level1", "{3FA2D852-9F79-48B2-AD83-BA63B0FF250A}"
EndProject
Project("{2150E333-8FDC-42A3-9474-1A3956D46DE8}") = "Level2", "Level2", "{CAAD39F7-7BAF-4EE4-9D5E-1CF9221B37E5}"
EndProject
Project("{2150E333-8FDC-42A3-9474-1A3956D46DE8}") = "Level3", "Level3", "{E66DB8C6-2172-4AD2-BDB7-D5F9529D18DA}"
EndProject
Project("{2150E333-8FDC-42A3-9474-1A3956D46DE8}") = "Level4", "Level4", "{52E20A2B-9520-4630-84DA-D890579F4E43}"
EndProject
Project("{8BC9CEB8-8B4A-11D0-8D11-00A0C91BC942}") = "EngineBase", "EngineBase\EngineBase.vcxproj", "{8B236F62-C380-427D-8ED8-555472DB80D1}"
EndProject
Project("{8BC9CEB8-8B4A-11D0-8D11-00A0C91BC942}") = "EnginePlatform", "EnginePlatform\EnginePlatform.vcxproj", "{D2C7C94D-0988-4EA6-ADD9-AD88E065FF1E}"
EndProject
Project("{8BC9CEB8-8B4A-11D0-8D11-00A0C91BC942}") = "EngineCore", "EngineCore\EngineCore.vcxproj", "{0080A108-D95D-464A-B72E-7C95F5C20025}"
	ProjectSection(ProjectDependencies) = postProject
		{8B236F62-C380-427D-8ED8-555472DB80D1} = {8B236F62-C380-427D-8ED8-555472DB80D1}
		{D2C7C94D-0988-4EA6-ADD9-AD88E065FF1E} = {D2C7C94D-0988-4EA6-ADD9-AD88E065FF1E}
	EndProjectSection
EndProject
Project("{8BC9CEB8-8B4A-11D0-8D11-00A0C91BC942}") = "KatanaZero_Core", "KatanaZero_Core\KatanaZero_Core.vcxproj", "{695AA22C-FBB3-4A66-B37E-A8EEFBE0806C}"
	ProjectSection(ProjectDependencies) = postProject
		{0080A108-D95D-464A-B72E-7C95F5C20025} = {0080A108-D95D-464A-B72E-7C95F5C20025}
		{8B236F62-C380-427D-8ED8-555472DB80D1} = {8B236F62-C380-427D-8ED8-555472DB80D1}
		{D2C7C94D-0988-4EA6-ADD9-AD88E065FF1E} = {D2C7C94D-0988-4EA6-ADD9-AD88E065FF1E}
	EndProjectSection
EndProject
Project("{8BC9CEB8-8B4A-11D0-8D11-00A0C91BC942}") = "KatanaZero", "KatanaZero\KatanaZero.vcxproj", "{F0138009-D211-4E6E-8C86-E617B7D230E3}"
	ProjectSection(ProjectDependencies) = postProject
		{0080A108-D95D-464A-B72E-7C95F5C20025} = {0080A108-D95D-464A-B72E-7C95F5C20025}
		{695AA22C-FBB3-4A66-B37E-A8EEFBE0806C} = {695AA22C-FBB3-4A66-B37E-A8EEFBE0806C}
		{8B236F62-C380-427D-8ED8-555472DB80D1} = {8B236F62-C380-427D-8ED8-555472DB80D1}
		{D2C7C94D-0988-4EA6-ADD9-AD88E065FF1E} = {D2C7C94D-0988-4EA6-ADD9-AD88E065FF1E}
	EndProjectSection
EndProject
Project("{8BC9CEB8-8B4A-11D0-8D11-00A0C91BC942}") = "EngineShader", "EngineShader\EngineShader.vcxproj", "{CF634C22-38C8-4AEE-9E40-75D691B30BB2}"
EndProject
Global
	GlobalSection(SolutionConfigurationPlatforms) = preSolution
		Debug|x64 = Debug|x64
		Debug|x86 = Debug|x86
		Release|x64 = Release|x64
		Release|x86 = Release|x86
	EndGlobalSection
	GlobalSection(ProjectConfigurationPlatforms) = postSolution
		{8B236F62-C380-427D-8ED8-555472DB80D1}.Debug|x64.ActiveCfg = Debug|x64
		{8B236F62-C380-427D-8ED8-555472DB80D1}.Debug|x64.Build.0 = Debug|x64
		{8B236F62-C380-427D-8ED8-555472DB80D1}.Debug|x86.ActiveCfg = Debug|Win32
		{8B236F62-C380-427D-8ED8-555472DB80D1}.Debug|x86.Build.0 = Debug|Win32
		{8B236F62-C380-427D-8ED8-555472DB80D1}.Release|x64.ActiveCfg = Release|x64
		{8B236F62-C380-427D-8ED8-555472DB80D1}.Release|x64.Build.0 = Release|x64
		{8B236F62-C380-427D-8ED8-555472DB80D1}.Release|x86.ActiveCfg = Release|Win32
		{8B236F62-C380-427D-8ED8-555472DB80D1}.Release|x86.Build.0 = Release|Win32
		{D2C7C94D-0988-4EA6-ADD9-AD88E065FF1E}.Debug|x64.ActiveCfg = Debug|x64
		{D2C7C94D-0988-4EA6-ADD9-AD88E065FF1E}.Debug|x64.Build.0 = Debug|x64
		{D2C7C94D-0988-4EA6-ADD9-AD88E065FF1E}.Debug|x86.ActiveCfg = Debug|Win32
		{D2C7C94D-0988-4EA6-ADD9-AD88E065FF1E}.Debug|x86.Build.0 = Debug|Win32
		{D2C7C94D-0988-4EA6-ADD9-AD88E065FF1E}.Release|x64.ActiveCfg = Release|x64
		{D2C7C94D-0988-4EA6-ADD9-AD88E065FF1E}.Release|x64.Build.0 = Release|x64
		{D2C7C94D-0988-4EA6-ADD9-AD88E065FF1E}.Release|x86.ActiveCfg = Release|Win32
		{D2C7C94D-0988-4EA6-ADD9-AD88E065FF1E}.Release|x86.Build.0 = Release|Win32
		{0080A108-D95D-464A-B72E-7C95F5C20025}.Debug|x64.ActiveCfg = Debug|x64
		{0080A108-D95D-464A-B72E-7C95F5C20025}.Debug|x64.Build.0 = Debug|x64
		{0080A108-D95D-464A-B72E-7C95F5C20025}.Debug|x86.ActiveCfg = Debug|Win32
		{0080A108-D95D-464A-B72E-7C95F5C20025}.Debug|x86.Build.0 = Debug|Win32
		{0080A108-D95D-464A-B72E-7C95F5C20025}.Release|x64.ActiveCfg = Release|x64
		{0080A108-D95D-464A-B72E-7C95F5C20025}.Release|x64.Build.0 = Release|x64
		{0080A108-D95D-464A-B72E-7C95F5C20025}.Release|x86.ActiveCfg = Release|Win32
		{0080A108-D95D-464A-B72E-7C95F5C20025}.Release|x86.Build.0 = Release|Win32
		{695AA22C-FBB3-4A66-B37E-A8EEFBE0806C}.Debug|x64.ActiveCfg = Debug|x64
		{695AA22C-FBB3-4A66-B37E-A8EEFBE0806C}.Debug|x64.Build.0 = Debug|x64
		{695AA22C-FBB3-4A66-B37E-A8EEFBE0806C}.Debug|x86.ActiveCfg = Debug|Win32
		{695AA22C-FBB3-4A66-B37E-A8EEFBE0806C}.Debug|x86.Build.0 = Debug|Win32
		{695AA22C-FBB3-4A66-B37E-A8EEFBE0806C}.Release|x64.ActiveCfg = Release|x64
		{695AA22C-FBB3-4A66-B37E-A8EEFBE0806C}.Release|x64.Build.0 = Release|x64
		{695AA22C-FBB3-4A66-B37E-A8EEFBE0806C}.Release|x86.ActiveCfg = Release|Win32
		{695AA22C-FBB3-4A66-B37E-A8EEFBE0806C}.Release|x86.Build.0 = Release|Win32
		{F0138009-D211-4E6E-8C86-E617B7D230E3}.Debug|x64.ActiveCfg = Debug|x64
		{F0138009-D211-4E6E-8C86-E617B7D230E3}.Debug|x64.Build.0 = Debug|x64
		{F0138009-D211-4E6E-8C86-E617B7D230E3}.Debug|x86.ActiveCfg = Debug|Win32
		{F0138009-D211-4E6E-8C86-E617B7D230E3}.Debug|x86.Build.0 = Debug|Win32
		{F0138009-D211-4E6E-8C86-E617B7D230E3}.Release|x64.ActiveCfg = Release|x64
		{F0138009-D211-4E6E-8C86-E617B7D230E3}.Release|x64.Build.0 = Release|x64
		{F0138009-D211-4E6E-8C86-E617B7D230E3}.Release|x86.ActiveCfg = Release|Win32
		{F0138009-D211-4E6E-8C86-E617B7D230E3}.Release|x86.Build.0 = Release|Win32
		{CF634C22-38C8-4AEE-9E40-75D691B30BB2}.Debug|x64.ActiveCfg = Debug|x64
		{CF634C22-38C8-4AEE-9E40-75D691B30BB2}.Debug|x64.Build.0 = Debug|x64
		{CF634C22-38C8-4AEE-9E40-75D691B30BB2}.Debug|x86.ActiveCfg = Debug|Win32
		{CF634C22-38C8-4AEE-9E40-75D691B30BB2}.Debug|x86.Build.0 = Debug|Win32
		{CF634C22-38C8-4AEE-9E40-75D691B30BB2}.Release|x64.ActiveCfg = Release|x64
		{CF634C22-38C8-4AEE-9E40-75D691B30BB2}.Release|x64.Build.0 = Release|x64
		{CF634C22-38C8-4AEE-9E40-75D691B30BB2}.Release|x86.ActiveCfg = Release|Win32
		{CF634C22-38C8-4AEE-9E40-75D691B30BB2}.Release|x86.Build.0 = Release|Win32
	EndGlobalSection
	GlobalSection(SolutionProperties) = preSolution
		HideSolutionNode = FALSE
	EndGlobalSection
	GlobalSection(NestedProjects) = preSolution
		{8B236F62-C380-427D-8ED8-555472DB80D1} = {6E611AF4-11BB-4FD8-A6CB-5A5567B1A862}
		{D2C7C94D-0988-4EA6-ADD9-AD88E065FF1E} = {3FA2D852-9F79-48B2-AD83-BA63B0FF250A}
		{0080A108-D95D-464A-B72E-7C95F5C20025} = {CAAD39F7-7BAF-4EE4-9D5E-1CF9221B37E5}
		{695AA22C-FBB3-4A66-B37E-A8EEFBE0806C} = {E66DB8C6-2172-4AD2-BDB7-D5F9529D18DA}
		{F0138009-D211-4E6E-8C86-E617B7D230E3} = {52E20A2B-9520-4630-84DA-D890579F4E43}
		{CF634C22-38C8-4AEE-9E40-75D691B30BB2} = {CAAD39F7-7BAF-4EE4-9D5E-1CF9221B37E5}
	EndGlobalSection
	GlobalSection(ExtensibilityGlobals) = postSolution
		SolutionGuid = {7BE7F74F-A22C-4B8E-8AD0-E27FAF0CC9A9}
	EndGlobalSection
EndGlobal
