<?xml version="1.0" encoding="utf-8"?>
<Project ToolsVersion="4.0" xmlns="http://schemas.microsoft.com/developer/msbuild/2003">
  <ItemGroup>
    <Filter Include="Input">
      <UniqueIdentifier>{fd4701e5-cdf7-4a2a-9bba-6867295b3879}</UniqueIdentifier>
    </Filter>
    <Filter Include="PreCompile">
      <UniqueIdentifier>{9b6b31fa-3486-494a-bf00-a9c3a3c594c5}</UniqueIdentifier>
    </Filter>
    <Filter Include="Resources">
      <UniqueIdentifier>{3c0ea2e1-d8bc-49cd-ba6b-a3a85dcd7648}</UniqueIdentifier>
    </Filter>
    <Filter Include="Resources\Sound">
      <UniqueIdentifier>{f2782605-e531-4f43-a717-cc1589292760}</UniqueIdentifier>
    </Filter>
    <Filter Include="ThirdParty">
      <UniqueIdentifier>{752ffb24-1e52-4438-83be-e6aa33eddb76}</UniqueIdentifier>
    </Filter>
    <Filter Include="ThirdParty\FMOD">
      <UniqueIdentifier>{f1b2f84d-962d-4d9f-a462-e437c65a0ee1}</UniqueIdentifier>
    </Filter>
    <Filter Include="ThirdParty\FMOD\Debug">
      <UniqueIdentifier>{244367c6-a781-4b78-86fa-a7d6ab62e98f}</UniqueIdentifier>
    </Filter>
    <Filter Include="ThirdParty\FMOD\inc">
      <UniqueIdentifier>{760fb3ec-deac-4a6e-8755-525394cf7be3}</UniqueIdentifier>
    </Filter>
    <Filter Include="ThirdParty\FMOD\Release">
      <UniqueIdentifier>{e55bdf91-ae84-41de-bccb-70528cf7c4af}</UniqueIdentifier>
    </Filter>
  </ItemGroup>
  <ItemGroup>
    <ClInclude Include="EngineInput.h">
      <Filter>Input</Filter>
    </ClInclude>
    <ClInclude Include="PreCompile.h">
      <Filter>PreCompile</Filter>
    </ClInclude>
    <ClInclude Include="EngineSound.h">
      <Filter>Resources\Sound</Filter>
    </ClInclude>
    <ClInclude Include="EngineResources.h">
      <Filter>Resources</Filter>
    </ClInclude>
    <ClInclude Include="ThirdParty\FMOD\inc\fmod.h">
      <Filter>ThirdParty\FMOD\inc</Filter>
    </ClInclude>
    <ClInclude Include="ThirdParty\FMOD\inc\fmod.hpp">
      <Filter>ThirdParty\FMOD\inc</Filter>
    </ClInclude>
    <ClInclude Include="ThirdParty\FMOD\inc\fmod_codec.h">
      <Filter>ThirdParty\FMOD\inc</Filter>
    </ClInclude>
    <ClInclude Include="ThirdParty\FMOD\inc\fmod_common.h">
      <Filter>ThirdParty\FMOD\inc</Filter>
    </ClInclude>
    <ClInclude Include="ThirdParty\FMOD\inc\fmod_dsp.h">
      <Filter>ThirdParty\FMOD\inc</Filter>
    </ClInclude>
    <ClInclude Include="ThirdParty\FMOD\inc\fmod_dsp_effects.h">
      <Filter>ThirdParty\FMOD\inc</Filter>
    </ClInclude>
    <ClInclude Include="ThirdParty\FMOD\inc\fmod_errors.h">
      <Filter>ThirdParty\FMOD\inc</Filter>
    </ClInclude>
    <ClInclude Include="ThirdParty\FMOD\inc\fmod_output.h">
      <Filter>ThirdParty\FMOD\inc</Filter>
    </ClInclude>
  </ItemGroup>
  <ItemGroup>
    <ClCompile Include="EngineInput.cpp">
      <Filter>Input</Filter>
    </ClCompile>
    <ClCompile Include="PreCompile.cpp">
      <Filter>PreCompile</Filter>
    </ClCompile>
    <ClCompile Include="EngineSound.cpp">
      <Filter>Resources\Sound</Filter>
    </ClCompile>
    <ClCompile Include="EngineResources.cpp">
      <Filter>Resources</Filter>
    </ClCompile>
  </ItemGroup>
  <ItemGroup>
    <CopyFileToFolders Include="ThirdParty\FMOD\Release\fmod.dll">
      <Filter>ThirdParty\FMOD\Release</Filter>
    </CopyFileToFolders>
    <CopyFileToFolders Include="ThirdParty\FMOD\Release\fmod_vc.lib">
      <Filter>ThirdParty\FMOD\Release</Filter>
    </CopyFileToFolders>
    <CopyFileToFolders Include="ThirdParty\FMOD\Debug\fmodL_vc.lib">
      <Filter>ThirdParty\FMOD\Debug</Filter>
    </CopyFileToFolders>
    <CopyFileToFolders Include="ThirdParty\FMOD\Debug\fmodL.dll">
      <Filter>ThirdParty\FMOD\Debug</Filter>
    </CopyFileToFolders>
  </ItemGroup>
</Project>