<?xml version="1.0" encoding="utf-8"?>
<Project ToolsVersion="4.0" xmlns="http://schemas.microsoft.com/developer/msbuild/2003">
  <ItemGroup>
    <Filter Include="PreCompile">
      <UniqueIdentifier>{c258b258-c36b-4ff4-84a7-7c8fb19eef35}</UniqueIdentifier>
    </Filter>
    <Filter Include="Level">
      <UniqueIdentifier>{12885f26-eccb-4a8b-8c24-b2fe5bb59317}</UniqueIdentifier>
    </Filter>
    <Filter Include="Core">
      <UniqueIdentifier>{c8c12355-391b-47b0-bbe6-747105546d29}</UniqueIdentifier>
    </Filter>
    <Filter Include="Helper">
      <UniqueIdentifier>{09fbbe3c-b29e-4316-90fa-aedc483257fa}</UniqueIdentifier>
    </Filter>
    <Filter Include="Object">
      <UniqueIdentifier>{9598be85-ff47-456d-a21a-3d908a551096}</UniqueIdentifier>
    </Filter>
    <Filter Include="Level\098.HeadHunterLevel">
      <UniqueIdentifier>{54fcdd53-2bd8-410e-af77-90fe40b38d46}</UniqueIdentifier>
    </Filter>
    <Filter Include="Level\098.HeadHunterLevel\GameMode">
      <UniqueIdentifier>{e6378640-d467-47bc-84ea-2165fe8f8052}</UniqueIdentifier>
    </Filter>
    <Filter Include="Level\000.Object">
      <UniqueIdentifier>{1cc1d72d-2c21-425e-a0ab-e33ae4fa47c5}</UniqueIdentifier>
    </Filter>
    <Filter Include="Level\001.TitleLevel">
      <UniqueIdentifier>{9aba6e4e-866e-4051-8402-38560234960d}</UniqueIdentifier>
    </Filter>
    <Filter Include="Level\001.TitleLevel\Object">
      <UniqueIdentifier>{512f81c4-0ac1-4b5f-87e0-6d9bcf772353}</UniqueIdentifier>
    </Filter>
    <Filter Include="Level\001.TitleLevel\GameMode">
      <UniqueIdentifier>{40788696-c32d-4a7d-9f2d-540635ac9e07}</UniqueIdentifier>
    </Filter>
    <Filter Include="Level\002.FactoryLevel">
      <UniqueIdentifier>{6fba441a-3bec-4f1c-869d-92480aed22c9}</UniqueIdentifier>
    </Filter>
    <Filter Include="Level\002.FactoryLevel\GameMode">
      <UniqueIdentifier>{ad4e801d-ec3f-49ba-b9e7-7e71500eaae8}</UniqueIdentifier>
    </Filter>
    <Filter Include="Level\000.Object\Map">
      <UniqueIdentifier>{72629c3f-54d4-45c1-b23c-bbed9d0149bd}</UniqueIdentifier>
    </Filter>
    <Filter Include="Level\000.Object\UI">
      <UniqueIdentifier>{4b7aab0b-80b5-4cac-8554-f3a0702746a2}</UniqueIdentifier>
    </Filter>
    <Filter Include="Object\Base">
      <UniqueIdentifier>{cb8608b5-cd0c-4eec-a0f2-27e8dfe28d37}</UniqueIdentifier>
    </Filter>
    <Filter Include="Object\Base\Player">
      <UniqueIdentifier>{a1f8616d-1a53-46e9-a2e8-5486cf03ae40}</UniqueIdentifier>
    </Filter>
    <Filter Include="Object\Base\Level">
      <UniqueIdentifier>{1a46c717-e772-463c-8775-7a9f88c3c591}</UniqueIdentifier>
    </Filter>
    <Filter Include="Object\Base\Enemy">
      <UniqueIdentifier>{32979922-5513-49f0-9191-0ee6956ef4b6}</UniqueIdentifier>
    </Filter>
    <Filter Include="Object\Base\MapCompo">
      <UniqueIdentifier>{789b86ee-12ef-4376-aeb0-d87f9ea28210}</UniqueIdentifier>
    </Filter>
    <Filter Include="Manager">
      <UniqueIdentifier>{279b6a8c-5348-4abf-b94d-dc5068cd802d}</UniqueIdentifier>
    </Filter>
    <Filter Include="Level\000.Object\Camera">
      <UniqueIdentifier>{efaa99ae-4428-4e06-899d-a4619ac8bed2}</UniqueIdentifier>
    </Filter>
    <Filter Include="Object\Effect">
      <UniqueIdentifier>{967472ec-7757-4243-86eb-de8799d02bf4}</UniqueIdentifier>
    </Filter>
    <Filter Include="Object\Rendering">
      <UniqueIdentifier>{bafb0efb-54a7-4f85-ae50-a352474b36bf}</UniqueIdentifier>
    </Filter>
    <Filter Include="Level\000.Object\Player">
      <UniqueIdentifier>{ad00d2b5-1e9b-44f1-a040-026afa6a0648}</UniqueIdentifier>
    </Filter>
    <Filter Include="Level\002.FactoryLevel\Object">
      <UniqueIdentifier>{ecabbc09-bcba-419d-ab34-7851ba966883}</UniqueIdentifier>
    </Filter>
    <Filter Include="Level\000.Object\Enemy">
      <UniqueIdentifier>{45ff3278-ad39-47cf-8b3c-8b3e2d8dceb9}</UniqueIdentifier>
    </Filter>
    <Filter Include="Level\000.Object\Map\Component">
      <UniqueIdentifier>{7b315559-a7bf-4a3c-8237-57db1289da8e}</UniqueIdentifier>
    </Filter>
    <Filter Include="Level\000.Object\Enemy\Component">
      <UniqueIdentifier>{78836ffc-9bfa-4e7d-89cb-b7e44dd6702b}</UniqueIdentifier>
    </Filter>
    <Filter Include="Object\Base\Component">
      <UniqueIdentifier>{f034dcea-c079-4069-ac05-51a7d586a66f}</UniqueIdentifier>
    </Filter>
    <Filter Include="Object\Base\Component\Actor">
      <UniqueIdentifier>{a720947a-0118-4fa0-9d5e-9067fd43de03}</UniqueIdentifier>
    </Filter>
    <Filter Include="Object\Base\Component\Image">
      <UniqueIdentifier>{4950cc03-8c1f-41ae-ab9c-fe14e2d01bd3}</UniqueIdentifier>
    </Filter>
    <Filter Include="Level\000.Object\Component">
      <UniqueIdentifier>{2920fe78-6253-4e1c-9403-2e3c09387b33}</UniqueIdentifier>
    </Filter>
  </ItemGroup>
  <ItemGroup>
    <ClInclude Include="KatanaZero_Core.h">
      <Filter>Core</Filter>
    </ClInclude>
    <ClInclude Include="PreCompile.h">
      <Filter>PreCompile</Filter>
    </ClInclude>
    <ClInclude Include="TitleScreen.h">
      <Filter>Level\001.TitleLevel\Object</Filter>
    </ClInclude>
    <ClInclude Include="Constant.h">
      <Filter>Helper</Filter>
    </ClInclude>
    <ClInclude Include="ContentsEnum.h">
      <Filter>Helper</Filter>
    </ClInclude>
    <ClInclude Include="Factory_002.h">
      <Filter>Level\002.FactoryLevel\GameMode</Filter>
    </ClInclude>
    <ClInclude Include="Factory_003.h">
      <Filter>Level\002.FactoryLevel\GameMode</Filter>
    </ClInclude>
    <ClInclude Include="Factory_004.h">
      <Filter>Level\002.FactoryLevel\GameMode</Filter>
    </ClInclude>
    <ClInclude Include="TitleGameMode.h">
      <Filter>Level\001.TitleLevel\GameMode</Filter>
    </ClInclude>
    <ClInclude Include="Factory_005.h">
      <Filter>Level\002.FactoryLevel\GameMode</Filter>
    </ClInclude>
    <ClInclude Include="HeadHunter_Phase1.h">
      <Filter>Level\098.HeadHunterLevel\GameMode</Filter>
    </ClInclude>
    <ClInclude Include="HeadHunter_Phase2.h">
      <Filter>Level\098.HeadHunterLevel\GameMode</Filter>
    </ClInclude>
    <ClInclude Include="PlayerBase.h">
      <Filter>Object\Base\Player</Filter>
    </ClInclude>
    <ClInclude Include="ColMapObject.h">
      <Filter>Level\000.Object\Map</Filter>
    </ClInclude>
    <ClInclude Include="Up_HUD.h">
      <Filter>Level\000.Object\UI</Filter>
    </ClInclude>
    <ClInclude Include="EnemyBase.h">
      <Filter>Object\Base\Enemy</Filter>
    </ClInclude>
    <ClInclude Include="PlayLevelBase.h">
      <Filter>Object\Base\Level</Filter>
    </ClInclude>
    <ClInclude Include="ContentsMath.h">
      <Filter>Helper</Filter>
    </ClInclude>
    <ClInclude Include="Grunt.h">
      <Filter>Level\000.Object\Enemy</Filter>
    </ClInclude>
    <ClInclude Include="Door.h">
      <Filter>Level\000.Object\Map\Component</Filter>
    </ClInclude>
    <ClInclude Include="RecMapCompoBase.h">
      <Filter>Object\Base\MapCompo</Filter>
    </ClInclude>
    <ClInclude Include="SpawnManager.h">
      <Filter>Manager</Filter>
    </ClInclude>
    <ClInclude Include="GangSter.h">
      <Filter>Level\000.Object\Enemy</Filter>
    </ClInclude>
    <ClInclude Include="TitleMenu.h">
      <Filter>Level\001.TitleLevel\Object</Filter>
    </ClInclude>
    <ClInclude Include="DefaultPlayer.h">
      <Filter>Level\000.Object\Player</Filter>
    </ClInclude>
    <ClInclude Include="MouseAim.h">
      <Filter>Level\000.Object\UI</Filter>
    </ClInclude>
    <ClInclude Include="MainCamera.h">
      <Filter>Level\000.Object\Camera</Filter>
    </ClInclude>
    <ClInclude Include="Go.h">
      <Filter>Level\000.Object\UI</Filter>
    </ClInclude>
    <ClInclude Include="GrayScaleEffect.h">
      <Filter>Object\Effect</Filter>
    </ClInclude>
    <ClInclude Include="ReplayUI.h">
      <Filter>Level\000.Object\UI</Filter>
    </ClInclude>
    <ClInclude Include="CeilLaser.h">
      <Filter>Level\000.Object\Map\Component</Filter>
    </ClInclude>
    <ClInclude Include="PanicSwitch.h">
      <Filter>Level\000.Object\Map\Component</Filter>
    </ClInclude>
    <ClInclude Include="CeilGun.h">
      <Filter>Level\000.Object\Map\Component</Filter>
    </ClInclude>
    <ClInclude Include="OutroMsg.h">
      <Filter>Level\000.Object\UI</Filter>
    </ClInclude>
    <ClInclude Include="LerpObject.h">
      <Filter>Object\Base\Component\Actor</Filter>
    </ClInclude>
    <ClInclude Include="PhysicsObject.h">
      <Filter>Object\Base\Component\Actor</Filter>
    </ClInclude>
    <ClInclude Include="PixelColObject.h">
      <Filter>Object\Base\Component\Actor</Filter>
    </ClInclude>
    <ClInclude Include="RecordingObject.h">
      <Filter>Object\Base\Component\Actor</Filter>
    </ClInclude>
    <ClInclude Include="FadeObject.h">
      <Filter>Object\Base\Component\Image</Filter>
    </ClInclude>
    <ClInclude Include="FadeImage.h">
      <Filter>Object\Rendering</Filter>
    </ClInclude>
    <ClInclude Include="Fan.h">
      <Filter>Level\002.FactoryLevel\Object</Filter>
    </ClInclude>
    <ClInclude Include="UpMark.h">
      <Filter>Level\000.Object\Enemy\Component</Filter>
    </ClInclude>
    <ClInclude Include="Stair.h">
      <Filter>Level\000.Object\Map\Component</Filter>
    </ClInclude>
    <ClInclude Include="Scientist.h">
      <Filter>Level\002.FactoryLevel\Object</Filter>
    </ClInclude>
    <ClInclude Include="DiamondTransition.h">
      <Filter>Object\Effect</Filter>
    </ClInclude>
    <ClInclude Include="WaveEffect.h">
      <Filter>Object\Effect</Filter>
    </ClInclude>
    <ClInclude Include="KZEffect.h">
      <Filter>Object\Rendering</Filter>
    </ClInclude>
    <ClInclude Include="HitLaser.h">
      <Filter>Level\000.Object\Component</Filter>
    </ClInclude>
  </ItemGroup>
  <ItemGroup>
    <ClCompile Include="KatanaZero_Core.cpp">
      <Filter>Core</Filter>
    </ClCompile>
    <ClCompile Include="PreCompile.cpp">
      <Filter>PreCompile</Filter>
    </ClCompile>
    <ClCompile Include="TitleScreen.cpp">
      <Filter>Level\001.TitleLevel\Object</Filter>
    </ClCompile>
    <ClCompile Include="Constant.cpp">
      <Filter>Helper</Filter>
    </ClCompile>
    <ClCompile Include="Factory_002.cpp">
      <Filter>Level\002.FactoryLevel\GameMode</Filter>
    </ClCompile>
    <ClCompile Include="Factory_003.cpp">
      <Filter>Level\002.FactoryLevel\GameMode</Filter>
    </ClCompile>
    <ClCompile Include="Factory_004.cpp">
      <Filter>Level\002.FactoryLevel\GameMode</Filter>
    </ClCompile>
    <ClCompile Include="TitleGameMode.cpp">
      <Filter>Level\001.TitleLevel\GameMode</Filter>
    </ClCompile>
    <ClCompile Include="Factory_005.cpp">
      <Filter>Level\002.FactoryLevel\GameMode</Filter>
    </ClCompile>
    <ClCompile Include="HeadHunter_Phase1.cpp">
      <Filter>Level\098.HeadHunterLevel\GameMode</Filter>
    </ClCompile>
    <ClCompile Include="HeadHunter_Phase2.cpp">
      <Filter>Level\098.HeadHunterLevel\GameMode</Filter>
    </ClCompile>
    <ClCompile Include="PlayerBase.cpp">
      <Filter>Object\Base\Player</Filter>
    </ClCompile>
    <ClCompile Include="PlayerBase_State.cpp">
      <Filter>Object\Base\Player</Filter>
    </ClCompile>
    <ClCompile Include="PlayerBase_Input.cpp">
      <Filter>Object\Base\Player</Filter>
    </ClCompile>
    <ClCompile Include="ColMapObject.cpp">
      <Filter>Level\000.Object\Map</Filter>
    </ClCompile>
    <ClCompile Include="Up_HUD.cpp">
      <Filter>Level\000.Object\UI</Filter>
    </ClCompile>
    <ClCompile Include="EnemyBase.cpp">
      <Filter>Object\Base\Enemy</Filter>
    </ClCompile>
    <ClCompile Include="PlayLevelBase.cpp">
      <Filter>Object\Base\Level</Filter>
    </ClCompile>
    <ClCompile Include="ContentsMath.cpp">
      <Filter>Helper</Filter>
    </ClCompile>
    <ClCompile Include="Grunt.cpp">
      <Filter>Level\000.Object\Enemy</Filter>
    </ClCompile>
    <ClCompile Include="PlayerBase_Effect.cpp">
      <Filter>Object\Base\Player</Filter>
    </ClCompile>
    <ClCompile Include="Door.cpp">
      <Filter>Level\000.Object\Map\Component</Filter>
    </ClCompile>
    <ClCompile Include="RecMapCompoBase.cpp">
      <Filter>Object\Base\MapCompo</Filter>
    </ClCompile>
    <ClCompile Include="SpawnManager.cpp">
      <Filter>Manager</Filter>
    </ClCompile>
    <ClCompile Include="GangSter.cpp">
      <Filter>Level\000.Object\Enemy</Filter>
    </ClCompile>
    <ClCompile Include="TitleMenu.cpp">
      <Filter>Level\001.TitleLevel\Object</Filter>
    </ClCompile>
    <ClCompile Include="DefaultPlayer.cpp">
      <Filter>Level\000.Object\Player</Filter>
    </ClCompile>
    <ClCompile Include="MouseAim.cpp">
      <Filter>Level\000.Object\UI</Filter>
    </ClCompile>
    <ClCompile Include="MainCamera.cpp">
      <Filter>Level\000.Object\Camera</Filter>
    </ClCompile>
    <ClCompile Include="Go.cpp">
      <Filter>Level\000.Object\UI</Filter>
    </ClCompile>
    <ClCompile Include="KatanaZero_Resource.cpp">
      <Filter>Core</Filter>
    </ClCompile>
    <ClCompile Include="GrayScaleEffect.cpp">
      <Filter>Object\Effect</Filter>
    </ClCompile>
    <ClCompile Include="ReplayUI.cpp">
      <Filter>Level\000.Object\UI</Filter>
    </ClCompile>
    <ClCompile Include="CeilLaser.cpp">
      <Filter>Level\000.Object\Map\Component</Filter>
    </ClCompile>
    <ClCompile Include="PanicSwitch.cpp">
      <Filter>Level\000.Object\Map\Component</Filter>
    </ClCompile>
    <ClCompile Include="CeilGun.cpp">
      <Filter>Level\000.Object\Map\Component</Filter>
    </ClCompile>
    <ClCompile Include="PlayerBase_SubState.cpp">
      <Filter>Object\Base\Player</Filter>
    </ClCompile>
    <ClCompile Include="OutroMsg.cpp">
      <Filter>Level\000.Object\UI</Filter>
    </ClCompile>
    <ClCompile Include="LerpObject.cpp">
      <Filter>Object\Base\Component\Actor</Filter>
    </ClCompile>
    <ClCompile Include="PhysicsObject.cpp">
      <Filter>Object\Base\Component\Actor</Filter>
    </ClCompile>
    <ClCompile Include="PixelColObject.cpp">
      <Filter>Object\Base\Component\Actor</Filter>
    </ClCompile>
    <ClCompile Include="RecordingObject.cpp">
      <Filter>Object\Base\Component\Actor</Filter>
    </ClCompile>
    <ClCompile Include="FadeObject.cpp">
      <Filter>Object\Base\Component\Image</Filter>
    </ClCompile>
    <ClCompile Include="FadeImage.cpp">
      <Filter>Object\Rendering</Filter>
    </ClCompile>
    <ClCompile Include="Fan.cpp">
      <Filter>Level\002.FactoryLevel\Object</Filter>
    </ClCompile>
    <ClCompile Include="EnemyBase_State.cpp">
      <Filter>Object\Base\Enemy</Filter>
    </ClCompile>
    <ClCompile Include="EnemyBase_Effect.cpp">
      <Filter>Object\Base\Enemy</Filter>
    </ClCompile>
    <ClCompile Include="UpMark.cpp">
      <Filter>Level\000.Object\Enemy\Component</Filter>
    </ClCompile>
    <ClCompile Include="Stair.cpp">
      <Filter>Level\000.Object\Map\Component</Filter>
    </ClCompile>
    <ClCompile Include="Scientist.cpp">
      <Filter>Level\002.FactoryLevel\Object</Filter>
    </ClCompile>
    <ClCompile Include="DiamondTransition.cpp">
      <Filter>Object\Effect</Filter>
    </ClCompile>
    <ClCompile Include="WaveEffect.cpp">
      <Filter>Object\Effect</Filter>
    </ClCompile>
    <ClCompile Include="KZEffect.cpp">
      <Filter>Object\Rendering</Filter>
    </ClCompile>
    <ClCompile Include="HitLaser.cpp">
      <Filter>Level\000.Object\Component</Filter>
    </ClCompile>
  </ItemGroup>
</Project>