<?xml version="1.0" encoding="utf-8"?>
<Project ToolsVersion="4.0" xmlns="http://schemas.microsoft.com/developer/msbuild/2003">
  <ItemGroup>
    <Filter Include="PreCompile">
      <UniqueIdentifier>{c258b258-c36b-4ff4-84a7-7c8fb19eef35}</UniqueIdentifier>
    </Filter>
    <Filter Include="Level">
      <UniqueIdentifier>{12885f26-eccb-4a8b-8c24-b2fe5bb59317}</UniqueIdentifier>
    </Filter>
    <Filter Include="Core">
      <UniqueIdentifier>{c8c12355-391b-47b0-bbe6-747105546d29}</UniqueIdentifier>
    </Filter>
    <Filter Include="Level\000.TitleLevel">
      <UniqueIdentifier>{9aba6e4e-866e-4051-8402-38560234960d}</UniqueIdentifier>
    </Filter>
    <Filter Include="Level\000.TitleLevel\Object">
      <UniqueIdentifier>{512f81c4-0ac1-4b5f-87e0-6d9bcf772353}</UniqueIdentifier>
    </Filter>
    <Filter Include="Helper">
      <UniqueIdentifier>{09fbbe3c-b29e-4316-90fa-aedc483257fa}</UniqueIdentifier>
    </Filter>
    <Filter Include="Object">
      <UniqueIdentifier>{9598be85-ff47-456d-a21a-3d908a551096}</UniqueIdentifier>
    </Filter>
    <Filter Include="Level\001.FactoryLevel">
      <UniqueIdentifier>{6fba441a-3bec-4f1c-869d-92480aed22c9}</UniqueIdentifier>
    </Filter>
    <Filter Include="Level\098.HeadHunterLevel">
      <UniqueIdentifier>{54fcdd53-2bd8-410e-af77-90fe40b38d46}</UniqueIdentifier>
    </Filter>
    <Filter Include="Level\001.FactoryLevel\Object">
      <UniqueIdentifier>{0f176465-d2e4-4eec-b616-812fa81f143a}</UniqueIdentifier>
    </Filter>
    <Filter Include="Level\001.FactoryLevel\GameMode">
      <UniqueIdentifier>{ad4e801d-ec3f-49ba-b9e7-7e71500eaae8}</UniqueIdentifier>
    </Filter>
    <Filter Include="Level\000.TitleLevel\GameMode">
      <UniqueIdentifier>{40788696-c32d-4a7d-9f2d-540635ac9e07}</UniqueIdentifier>
    </Filter>
  </ItemGroup>
  <ItemGroup>
    <ClInclude Include="KatanaZero_Core.h">
      <Filter>Core</Filter>
    </ClInclude>
    <ClInclude Include="PreCompile.h">
      <Filter>PreCompile</Filter>
    </ClInclude>
    <ClInclude Include="TitleScreen.h">
      <Filter>Level\000.TitleLevel\Object</Filter>
    </ClInclude>
    <ClInclude Include="Constant.h">
      <Filter>Helper</Filter>
    </ClInclude>
    <ClInclude Include="ContentsEnum.h">
      <Filter>Helper</Filter>
    </ClInclude>
    <ClInclude Include="LerpObject.h">
      <Filter>Object</Filter>
    </ClInclude>
    <ClInclude Include="HeadHunterGameMode.h">
      <Filter>Level\098.HeadHunterLevel</Filter>
    </ClInclude>
    <ClInclude Include="Factory_001.h">
      <Filter>Level\001.FactoryLevel\GameMode</Filter>
    </ClInclude>
    <ClInclude Include="Factory_002.h">
      <Filter>Level\001.FactoryLevel\GameMode</Filter>
    </ClInclude>
    <ClInclude Include="Factory_004.h">
      <Filter>Level\001.FactoryLevel\GameMode</Filter>
    </ClInclude>
    <ClInclude Include="TitleGameMode.h">
      <Filter>Level\000.TitleLevel\GameMode</Filter>
    </ClInclude>
    <ClInclude Include="BackGroundObject.h">
      <Filter>Object</Filter>
    </ClInclude>
    <ClInclude Include="Factory_005.h">
      <Filter>Level\001.FactoryLevel\GameMode</Filter>
    </ClInclude>
  </ItemGroup>
  <ItemGroup>
    <ClCompile Include="KatanaZero_Core.cpp">
      <Filter>Core</Filter>
    </ClCompile>
    <ClCompile Include="PreCompile.cpp">
      <Filter>PreCompile</Filter>
    </ClCompile>
    <ClCompile Include="TitleScreen.cpp">
      <Filter>Level\000.TitleLevel\Object</Filter>
    </ClCompile>
    <ClCompile Include="Constant.cpp">
      <Filter>Helper</Filter>
    </ClCompile>
    <ClCompile Include="LerpObject.cpp">
      <Filter>Object</Filter>
    </ClCompile>
    <ClCompile Include="HeadHunterGameMode.cpp">
      <Filter>Level\098.HeadHunterLevel</Filter>
    </ClCompile>
    <ClCompile Include="Factory_001.cpp">
      <Filter>Level\001.FactoryLevel\GameMode</Filter>
    </ClCompile>
    <ClCompile Include="Factory_002.cpp">
      <Filter>Level\001.FactoryLevel\GameMode</Filter>
    </ClCompile>
    <ClCompile Include="Factory_004.cpp">
      <Filter>Level\001.FactoryLevel\GameMode</Filter>
    </ClCompile>
    <ClCompile Include="TitleGameMode.cpp">
      <Filter>Level\000.TitleLevel\GameMode</Filter>
    </ClCompile>
    <ClCompile Include="BackGroundObject.cpp">
      <Filter>Object</Filter>
    </ClCompile>
    <ClCompile Include="Factory_005.cpp">
      <Filter>Level\001.FactoryLevel\GameMode</Filter>
    </ClCompile>
  </ItemGroup>
</Project>