<?xml version="1.0" encoding="utf-8"?>
<Project ToolsVersion="4.0" xmlns="http://schemas.microsoft.com/developer/msbuild/2003">
  <ItemGroup>
    <Filter Include="Core">
      <UniqueIdentifier>{60745951-dd67-49cc-80e0-29f08d02c73d}</UniqueIdentifier>
    </Filter>
    <Filter Include="Device">
      <UniqueIdentifier>{3bf931fe-ea11-4bd0-bfb7-ac911c2d6e89}</UniqueIdentifier>
    </Filter>
    <Filter Include="Object">
      <UniqueIdentifier>{a2163336-94fd-4df9-8352-28675666676a}</UniqueIdentifier>
    </Filter>
    <Filter Include="Object\Actor">
      <UniqueIdentifier>{279a0e39-b39a-4d92-b34d-f47d5cfa1271}</UniqueIdentifier>
    </Filter>
    <Filter Include="Object\Actor\GameMode">
      <UniqueIdentifier>{36e0852e-17d0-412a-a0bc-9b5678b0c7db}</UniqueIdentifier>
    </Filter>
    <Filter Include="Object\Component">
      <UniqueIdentifier>{0407769b-176a-460d-8811-c5afa0f3f0c4}</UniqueIdentifier>
    </Filter>
    <Filter Include="Object\EngineContent">
      <UniqueIdentifier>{ef19d0b9-5306-43c5-98ff-a0b7c99229db}</UniqueIdentifier>
    </Filter>
    <Filter Include="Object\Rendering">
      <UniqueIdentifier>{d6666a79-b5b7-43c5-8db2-439fe837d0f4}</UniqueIdentifier>
    </Filter>
    <Filter Include="PreCompile">
      <UniqueIdentifier>{74ce7c63-fe04-432c-a800-997ad7905a3f}</UniqueIdentifier>
    </Filter>
    <Filter Include="Resources">
      <UniqueIdentifier>{28953093-3ed0-4334-890a-ab55af434273}</UniqueIdentifier>
    </Filter>
    <Filter Include="Resources\Mesh">
      <UniqueIdentifier>{e894ad45-d181-4137-8de6-824cdaa7df6e}</UniqueIdentifier>
    </Filter>
    <Filter Include="Resources\RenderingSetting">
      <UniqueIdentifier>{5a6cbcf8-3e51-40c5-b1fb-8d5421fa1dfe}</UniqueIdentifier>
    </Filter>
    <Filter Include="Resources\Shader">
      <UniqueIdentifier>{d294c469-662c-4065-8677-c5166581a5ab}</UniqueIdentifier>
    </Filter>
    <Filter Include="Resources\ShaderResources">
      <UniqueIdentifier>{20d7e6f4-e9d8-403f-a3df-8c486a7f9e7c}</UniqueIdentifier>
    </Filter>
    <Filter Include="Resources\Texture">
      <UniqueIdentifier>{8c116204-2f1c-4d5c-997e-87e888b0d4ef}</UniqueIdentifier>
    </Filter>
    <Filter Include="ThirdParty">
      <UniqueIdentifier>{690b18f4-bb46-4c85-a076-5a6971ddab05}</UniqueIdentifier>
    </Filter>
    <Filter Include="ThirdParty\DirectXTex">
      <UniqueIdentifier>{63e91109-165f-48a3-97e6-2e3585544152}</UniqueIdentifier>
    </Filter>
    <Filter Include="ThirdParty\DirectXTex\Debug">
      <UniqueIdentifier>{5d6f05f8-ba22-4c6e-876d-d2e069eeb0b3}</UniqueIdentifier>
    </Filter>
    <Filter Include="ThirdParty\DirectXTex\inc">
      <UniqueIdentifier>{415d5b89-b7cf-4416-95e0-ba5a2548b6ff}</UniqueIdentifier>
    </Filter>
    <Filter Include="ThirdParty\DirectXTex\Release">
      <UniqueIdentifier>{2b7aff07-bd37-4416-a29e-1a01c7224f26}</UniqueIdentifier>
    </Filter>
    <Filter Include="Contents">
      <UniqueIdentifier>{27147600-627b-4d29-8f7b-9b4e9729ea22}</UniqueIdentifier>
    </Filter>
    <Filter Include="Editor">
      <UniqueIdentifier>{eb6776b9-4a93-4c2b-a38d-bbf4fe1a8241}</UniqueIdentifier>
    </Filter>
    <Filter Include="Editor\Contents">
      <UniqueIdentifier>{0d9ee33c-15bc-41fc-8e03-6db714721350}</UniqueIdentifier>
    </Filter>
    <Filter Include="Editor\Imgui">
      <UniqueIdentifier>{a4a73988-400a-4407-a7aa-2ee3ca4cba9d}</UniqueIdentifier>
    </Filter>
    <Filter Include="Object\Component\Collision">
      <UniqueIdentifier>{9c3eec96-8900-4b21-a552-1b0be4a80c9a}</UniqueIdentifier>
    </Filter>
    <Filter Include="Object\Component\Rendering">
      <UniqueIdentifier>{dc9dd73e-7c0f-49b9-8455-7cb879c11910}</UniqueIdentifier>
    </Filter>
    <Filter Include="Object\Component\Rendering\Contents">
      <UniqueIdentifier>{2f33c9c8-fe8a-45fb-93db-65ad202bcc00}</UniqueIdentifier>
    </Filter>
    <Filter Include="Debug">
      <UniqueIdentifier>{30ffe626-96da-4899-8bb6-a744fba7b8a1}</UniqueIdentifier>
    </Filter>
  </ItemGroup>
  <ItemGroup>
    <ClInclude Include="EngineCore.h">
      <Filter>Core</Filter>
    </ClInclude>
    <ClInclude Include="EngineEnums.h">
      <Filter>Core</Filter>
    </ClInclude>
    <ClInclude Include="EngineOption.h">
      <Filter>Core</Filter>
    </ClInclude>
    <ClInclude Include="DirectXHelper.h">
      <Filter>Device</Filter>
    </ClInclude>
    <ClInclude Include="EngineGraphicDevice.h">
      <Filter>Device</Filter>
    </ClInclude>
    <ClInclude Include="GameMode.h">
      <Filter>Object\Actor\GameMode</Filter>
    </ClInclude>
    <ClInclude Include="Actor.h">
      <Filter>Object\Actor</Filter>
    </ClInclude>
    <ClInclude Include="ActorComponent.h">
      <Filter>Object\Component</Filter>
    </ClInclude>
    <ClInclude Include="SceneComponent.h">
      <Filter>Object\Component</Filter>
    </ClInclude>
    <ClInclude Include="DefaultSceneComponent.h">
      <Filter>Object\EngineContent</Filter>
    </ClInclude>
    <ClInclude Include="Camera.h">
      <Filter>Object\Rendering</Filter>
    </ClInclude>
    <ClInclude Include="Level.h">
      <Filter>Object</Filter>
    </ClInclude>
    <ClInclude Include="TickObject.h">
      <Filter>Object</Filter>
    </ClInclude>
    <ClInclude Include="WorldObject.h">
      <Filter>Object</Filter>
    </ClInclude>
    <ClInclude Include="PreCompile.h">
      <Filter>PreCompile</Filter>
    </ClInclude>
    <ClInclude Include="EngineBuffer.h">
      <Filter>Resources\Mesh</Filter>
    </ClInclude>
    <ClInclude Include="EngineIndexBuffer.h">
      <Filter>Resources\Mesh</Filter>
    </ClInclude>
    <ClInclude Include="EngineInputLayOut.h">
      <Filter>Resources\Mesh</Filter>
    </ClInclude>
    <ClInclude Include="EngineMesh.h">
      <Filter>Resources\Mesh</Filter>
    </ClInclude>
    <ClInclude Include="EngineVertex.h">
      <Filter>Resources\Mesh</Filter>
    </ClInclude>
    <ClInclude Include="EngineVertexBuffer.h">
      <Filter>Resources\Mesh</Filter>
    </ClInclude>
    <ClInclude Include="EngineBlend.h">
      <Filter>Resources\RenderingSetting</Filter>
    </ClInclude>
    <ClInclude Include="EngineMaterial.h">
      <Filter>Resources\RenderingSetting</Filter>
    </ClInclude>
    <ClInclude Include="EngineRasterizer.h">
      <Filter>Resources\RenderingSetting</Filter>
    </ClInclude>
    <ClInclude Include="EnginePixelShader.h">
      <Filter>Resources\Shader</Filter>
    </ClInclude>
    <ClInclude Include="EngineShader.h">
      <Filter>Resources\Shader</Filter>
    </ClInclude>
    <ClInclude Include="EngineVertexShader.h">
      <Filter>Resources\Shader</Filter>
    </ClInclude>
    <ClInclude Include="EngineConstantBuffer.h">
      <Filter>Resources\ShaderResources</Filter>
    </ClInclude>
    <ClInclude Include="EngineShaderResources.h">
      <Filter>Resources\ShaderResources</Filter>
    </ClInclude>
    <ClInclude Include="EngineRenderTarget.h">
      <Filter>Resources\Texture</Filter>
    </ClInclude>
    <ClInclude Include="EngineSampler.h">
      <Filter>Resources\Texture</Filter>
    </ClInclude>
    <ClInclude Include="EngineSprite.h">
      <Filter>Resources\Texture</Filter>
    </ClInclude>
    <ClInclude Include="EngineTexture.h">
      <Filter>Resources\Texture</Filter>
    </ClInclude>
    <ClInclude Include="ThirdParty\DirectxTex\inc\DirectXTex.h">
      <Filter>ThirdParty\DirectXTex\inc</Filter>
    </ClInclude>
    <ClInclude Include="StateManager.h">
      <Filter>Contents</Filter>
    </ClInclude>
    <ClInclude Include="EngineEditorGUI.h">
      <Filter>Editor</Filter>
    </ClInclude>
    <ClInclude Include="EngineEditorWindow.h">
      <Filter>Editor</Filter>
    </ClInclude>
    <ClInclude Include="imconfig.h">
      <Filter>Editor\Imgui</Filter>
    </ClInclude>
    <ClInclude Include="imgui.h">
      <Filter>Editor\Imgui</Filter>
    </ClInclude>
    <ClInclude Include="imgui_impl_dx11.h">
      <Filter>Editor\Imgui</Filter>
    </ClInclude>
    <ClInclude Include="imgui_impl_win32.h">
      <Filter>Editor\Imgui</Filter>
    </ClInclude>
    <ClInclude Include="imgui_internal.h">
      <Filter>Editor\Imgui</Filter>
    </ClInclude>
    <ClInclude Include="imstb_rectpack.h">
      <Filter>Editor\Imgui</Filter>
    </ClInclude>
    <ClInclude Include="imstb_textedit.h">
      <Filter>Editor\Imgui</Filter>
    </ClInclude>
    <ClInclude Include="imstb_truetype.h">
      <Filter>Editor\Imgui</Filter>
    </ClInclude>
    <ClInclude Include="EngineDebugMsgWindow.h">
      <Filter>Editor\Contents</Filter>
    </ClInclude>
    <ClInclude Include="Renderer.h">
      <Filter>Object\Component\Rendering</Filter>
    </ClInclude>
    <ClInclude Include="Collision.h">
      <Filter>Object\Component\Collision</Filter>
    </ClInclude>
    <ClInclude Include="SpriteRenderer.h">
      <Filter>Object\Component\Rendering\Contents</Filter>
    </ClInclude>
    <ClInclude Include="TileRenderer.h">
      <Filter>Object\Component\Rendering\Contents</Filter>
    </ClInclude>
    <ClInclude Include="EngineDebug3D.h">
      <Filter>Debug</Filter>
    </ClInclude>
  </ItemGroup>
  <ItemGroup>
    <ClCompile Include="EngineCore.cpp">
      <Filter>Core</Filter>
    </ClCompile>
    <ClCompile Include="EngineOption.cpp">
      <Filter>Core</Filter>
    </ClCompile>
    <ClCompile Include="DirectXHelper.cpp">
      <Filter>Device</Filter>
    </ClCompile>
    <ClCompile Include="EngineGraphicDevice.cpp">
      <Filter>Device</Filter>
    </ClCompile>
    <ClCompile Include="EngineGraphicDevice_Resources.cpp">
      <Filter>Device</Filter>
    </ClCompile>
    <ClCompile Include="GameMode.cpp">
      <Filter>Object\Actor\GameMode</Filter>
    </ClCompile>
    <ClCompile Include="Actor.cpp">
      <Filter>Object\Actor</Filter>
    </ClCompile>
    <ClCompile Include="ActorComponent.cpp">
      <Filter>Object\Component</Filter>
    </ClCompile>
    <ClCompile Include="SceneComponent.cpp">
      <Filter>Object\Component</Filter>
    </ClCompile>
    <ClCompile Include="DefaultSceneComponent.cpp">
      <Filter>Object\EngineContent</Filter>
    </ClCompile>
    <ClCompile Include="Camera.cpp">
      <Filter>Object\Rendering</Filter>
    </ClCompile>
    <ClCompile Include="Level.cpp">
      <Filter>Object</Filter>
    </ClCompile>
    <ClCompile Include="TickObject.cpp">
      <Filter>Object</Filter>
    </ClCompile>
    <ClCompile Include="WorldObject.cpp">
      <Filter>Object</Filter>
    </ClCompile>
    <ClCompile Include="PreCompile.cpp">
      <Filter>PreCompile</Filter>
    </ClCompile>
    <ClCompile Include="EngineBuffer.cpp">
      <Filter>Resources\Mesh</Filter>
    </ClCompile>
    <ClCompile Include="EngineIndexBuffer.cpp">
      <Filter>Resources\Mesh</Filter>
    </ClCompile>
    <ClCompile Include="EngineInputLayOut.cpp">
      <Filter>Resources\Mesh</Filter>
    </ClCompile>
    <ClCompile Include="EngineMesh.cpp">
      <Filter>Resources\Mesh</Filter>
    </ClCompile>
    <ClCompile Include="EngineVertex.cpp">
      <Filter>Resources\Mesh</Filter>
    </ClCompile>
    <ClCompile Include="EngineVertexBuffer.cpp">
      <Filter>Resources\Mesh</Filter>
    </ClCompile>
    <ClCompile Include="EngineBlend.cpp">
      <Filter>Resources\RenderingSetting</Filter>
    </ClCompile>
    <ClCompile Include="EngineMaterial.cpp">
      <Filter>Resources\RenderingSetting</Filter>
    </ClCompile>
    <ClCompile Include="EngineRasterizer.cpp">
      <Filter>Resources\RenderingSetting</Filter>
    </ClCompile>
    <ClCompile Include="EnginePixelShader.cpp">
      <Filter>Resources\Shader</Filter>
    </ClCompile>
    <ClCompile Include="EngineShader.cpp">
      <Filter>Resources\Shader</Filter>
    </ClCompile>
    <ClCompile Include="EngineVertexShader.cpp">
      <Filter>Resources\Shader</Filter>
    </ClCompile>
    <ClCompile Include="EngineConstantBuffer.cpp">
      <Filter>Resources\ShaderResources</Filter>
    </ClCompile>
    <ClCompile Include="EngineShaderResources.cpp">
      <Filter>Resources\ShaderResources</Filter>
    </ClCompile>
    <ClCompile Include="EngineRenderTarget.cpp">
      <Filter>Resources\Texture</Filter>
    </ClCompile>
    <ClCompile Include="EngineSampler.cpp">
      <Filter>Resources\Texture</Filter>
    </ClCompile>
    <ClCompile Include="EngineSprite.cpp">
      <Filter>Resources\Texture</Filter>
    </ClCompile>
    <ClCompile Include="EngineTexture.cpp">
      <Filter>Resources\Texture</Filter>
    </ClCompile>
    <ClCompile Include="StateManager.cpp">
      <Filter>Contents</Filter>
    </ClCompile>
    <ClCompile Include="EngineEditorGUI.cpp">
      <Filter>Editor</Filter>
    </ClCompile>
    <ClCompile Include="EngineEditorWindow.cpp">
      <Filter>Editor</Filter>
    </ClCompile>
    <ClCompile Include="imgui.cpp">
      <Filter>Editor\Imgui</Filter>
    </ClCompile>
    <ClCompile Include="imgui_demo.cpp">
      <Filter>Editor\Imgui</Filter>
    </ClCompile>
    <ClCompile Include="imgui_draw.cpp">
      <Filter>Editor\Imgui</Filter>
    </ClCompile>
    <ClCompile Include="imgui_impl_dx11.cpp">
      <Filter>Editor\Imgui</Filter>
    </ClCompile>
    <ClCompile Include="imgui_impl_win32.cpp">
      <Filter>Editor\Imgui</Filter>
    </ClCompile>
    <ClCompile Include="imgui_tables.cpp">
      <Filter>Editor\Imgui</Filter>
    </ClCompile>
    <ClCompile Include="imgui_widgets.cpp">
      <Filter>Editor\Imgui</Filter>
    </ClCompile>
    <ClCompile Include="EngineDebugMsgWindow.cpp">
      <Filter>Editor\Contents</Filter>
    </ClCompile>
    <ClCompile Include="Renderer.cpp">
      <Filter>Object\Component\Rendering</Filter>
    </ClCompile>
    <ClCompile Include="Collision.cpp">
      <Filter>Object\Component\Collision</Filter>
    </ClCompile>
    <ClCompile Include="SpriteRenderer.cpp">
      <Filter>Object\Component\Rendering\Contents</Filter>
    </ClCompile>
    <ClCompile Include="TileRenderer.cpp">
      <Filter>Object\Component\Rendering\Contents</Filter>
    </ClCompile>
    <ClCompile Include="EngineDebug3D.cpp">
      <Filter>Debug</Filter>
    </ClCompile>
  </ItemGroup>
  <ItemGroup>
    <None Include="ThirdParty\DirectxTex\inc\DirectXTex.inl">
      <Filter>ThirdParty\DirectXTex\inc</Filter>
    </None>
  </ItemGroup>
  <ItemGroup>
    <CopyFileToFolders Include="ThirdParty\DirectxTex\Release\DirectXTex.pdb">
      <Filter>ThirdParty\DirectXTex\Release</Filter>
    </CopyFileToFolders>
    <CopyFileToFolders Include="ThirdParty\DirectxTex\Release\DirectXTex.lib">
      <Filter>ThirdParty\DirectXTex\Release</Filter>
    </CopyFileToFolders>
    <CopyFileToFolders Include="ThirdParty\DirectxTex\Debug\DirectXTex.pdb">
      <Filter>ThirdParty\DirectXTex\Debug</Filter>
    </CopyFileToFolders>
    <CopyFileToFolders Include="ThirdParty\DirectxTex\Debug\DirectXTex.lib">
      <Filter>ThirdParty\DirectXTex\Debug</Filter>
    </CopyFileToFolders>
  </ItemGroup>
</Project>